
Microsoft Visual Studio Solution File, Format Version 12.00
# Visual Studio Version 17
VisualStudioVersion = 17.13.35828.75 d17.13
MinimumVisualStudioVersion = 10.0.40219.1
Project("{FAE04EC0-301F-11D3-BF4B-00C04F79EFBC}") = "6server", "6server.csproj", "{1520B547-9E5C-4833-812F-FB578AC8A104}"
EndProject
Global
	GlobalSection(SolutionConfigurationPlatforms) = preSolution
		Debug|Any CPU = Debug|Any CPU
		Release|Any CPU = Release|Any CPU
	EndGlobalSection
	GlobalSection(ProjectConfigurationPlatforms) = postSolution
		{1520B547-9E5C-4833-812F-FB578AC8A104}.Debug|Any CPU.ActiveCfg = Debug|Any CPU
		{1520B547-9E5C-4833-812F-FB578AC8A104}.Debug|Any CPU.Build.0 = Debug|Any CPU
		{1520B547-9E5C-4833-812F-FB578AC8A104}.Release|Any CPU.ActiveCfg = Release|Any CPU
		{1520B547-9E5C-4833-812F-FB578AC8A104}.Release|Any CPU.Build.0 = Release|Any CPU
	EndGlobalSection
	GlobalSection(SolutionProperties) = preSolution
		HideSolutionNode = FALSE
	EndGlobalSection
	GlobalSection(ExtensibilityGlobals) = postSolution
		SolutionGuid = {02F064AC-01B5-4A87-8BA1-1D887D361F66}
	EndGlobalSection
EndGlobal
